filippo.io/edwards25519 v1.1.0 h1:FNf4tywRC1HmFuKW5xopWpigGjJKiJSV0Cqo0cJWDaA=
filippo.io/edwards25519 v1.1.0/go.mod h1:BxyFTGdWcka3PhytdK4V28tE5sGfRvvvRV7EaN4VDT4=
github.com/go-sql-driver/mysql v1.8.1 h1:LedoTUt/eveggdHS9qUFC1EFSa8bU2+1pZjSRpvNJ1Y=
github.com/go-sql-driver/mysql v1.8.1/go.mod h1:wEBSXgmK//2ZFJyE+qWnIsVGmvmEKlqwuVSjsCm7DZg=
github.com/google/uuid v1.6.0 h1:NIvaJDMOsjHA8n1jAhLSgzrAzy1Hgr+hNrb57e+94F0=
github.com/google/uuid v1.6.0/go.mod h1:TIyPZe4MgqvfeYDBFedMoGGpEw/LqOeaOT+nhxU+yHo=
github.com/tdeslauriers/carapace v0.0.146 h1:fi0XJJqhf/57lp8ikokOOW6FUy8X4RdbuAsUq1+vcQQ=
github.com/tdeslauriers/carapace v0.0.146/go.mod h1:sBb/Im2oYwhkEeU8rJP85LHAqBe6SKX74mlbTjr/lac=
github.com/tdeslauriers/carapace v0.0.148 h1:3QdgXzuyISb5x1ZMr+OJZ8uRUhurWxZD2HFH69v9BF0=
github.com/tdeslauriers/carapace v0.0.148/go.mod h1:sBb/Im2oYwhkEeU8rJP85LHAqBe6SKX74mlbTjr/lac=
github.com/tdeslauriers/carapace v0.0.149 h1:/PW9yoJdfrw+sIQ2X3ILeZA5Fv2Uxd0oibUrFa6KFHQ=
github.com/tdeslauriers/carapace v0.0.149/go.mod h1:sBb/Im2oYwhkEeU8rJP85LHAqBe6SKX74mlbTjr/lac=
github.com/tdeslauriers/carapace v0.0.150 h1:QFQWle6ZDL+w3k+YKgBYVyJDHw0vUOS5yNfLV3cL3OY=
github.com/tdeslauriers/carapace v0.0.150/go.mod h1:sBb/Im2oYwhkEeU8rJP85LHAqBe6SKX74mlbTjr/lac=
github.com/tdeslauriers/carapace v0.0.152 h1:YIIqll87ypCT0Npafs0crQmwDiFrcZFENZ0hsELu17A=
github.com/tdeslauriers/carapace v0.0.152/go.mod h1:sBb/Im2oYwhkEeU8rJP85LHAqBe6SKX74mlbTjr/lac=
github.com/tdeslauriers/carapace v0.0.154 h1:fCouTq1CPKj9buAJRIlXb7LAetQGp2Zj2YNyfwuc8gM=
github.com/tdeslauriers/carapace v0.0.154/go.mod h1:sBb/Im2oYwhkEeU8rJP85LHAqBe6SKX74mlbTjr/lac=
github.com/tdeslauriers/carapace v0.0.155 h1:BvwIKgIsJ1tswU1mUFRoqSIGVgYYZadQMG30oTss2fA=
github.com/tdeslauriers/carapace v0.0.155/go.mod h1:sBb/Im2oYwhkEeU8rJP85LHAqBe6SKX74mlbTjr/lac=
github.com/tdeslauriers/carapace v0.0.156 h1:7soU+ZLprME5pU53JNmzN/cxrFpMLPgU1DmToSyJEk4=
github.com/tdeslauriers/carapace v0.0.156/go.mod h1:sBb/Im2oYwhkEeU8rJP85LHAqBe6SKX74mlbTjr/lac=
github.com/tdeslauriers/carapace v0.0.157 h1:RNl9U0SUYn7sR+yinWwzsDx61+rkxPjpMNR9aKwAyWE=
github.com/tdeslauriers/carapace v0.0.157/go.mod h1:sBb/Im2oYwhkEeU8rJP85LHAqBe6SKX74mlbTjr/lac=
github.com/tdeslauriers/carapace v0.0.158 h1:EnB/Z/xJgACJ0lehI+a2jReO28koH0H4dgJnoeUrNt4=
github.com/tdeslauriers/carapace v0.0.158/go.mod h1:sBb/Im2oYwhkEeU8rJP85LHAqBe6SKX74mlbTjr/lac=
github.com/tdeslauriers/carapace v0.0.159 h1:vzTdn+nd9INPm2iqqov5XFzzaBTCtRwN27d+K/jty3o=
github.com/tdeslauriers/carapace v0.0.159/go.mod h1:sBb/Im2oYwhkEeU8rJP85LHAqBe6SKX74mlbTjr/lac=
github.com/tdeslauriers/carapace v0.0.160 h1:gomLL2uFAkeoYS8rQ8CBBFtl0vjqAFHSakoIHpuiTE8=
github.com/tdeslauriers/carapace v0.0.160/go.mod h1:sBb/Im2oYwhkEeU8rJP85LHAqBe6SKX74mlbTjr/lac=
github.com/tdeslauriers/carapace v0.0.165 h1:whKA3cVinhhEpRH9uMr2PQnaQ8aTFhbDvMyCdVvlDQE=
github.com/tdeslauriers/carapace v0.0.165/go.mod h1:L+wBCKttfgr6RaZxMWm6F/BXdAlRMquUeOCQyFgp9GM=
github.com/tdeslauriers/carapace v0.0.166 h1:9izHFnyZXJpyjMzUaNaMVRAlLKLvVjYby1LS4ET+rc8=
github.com/tdeslauriers/carapace v0.0.166/go.mod h1:L+wBCKttfgr6RaZxMWm6F/BXdAlRMquUeOCQyFgp9GM=
github.com/tdeslauriers/carapace v0.1.0 h1:OAD8HGs4GpqfxlKaByTRAWa9QY7AUafG5B121ZaB6Uo=
github.com/tdeslauriers/carapace v0.1.0/go.mod h1:L+wBCKttfgr6RaZxMWm6F/BXdAlRMquUeOCQyFgp9GM=
github.com/tdeslauriers/carapace v0.1.2 h1:AJq+y/AZ27asOLsJ4phOPOo8CE1waId7M9qOJwJIsf0=
github.com/tdeslauriers/carapace v0.1.2/go.mod h1:L+wBCKttfgr6RaZxMWm6F/BXdAlRMquUeOCQyFgp9GM=
github.com/tdeslauriers/carapace v0.1.3 h1:SRAp/AwZjYInRnjkDqxgSoscmIhXxPO0DWOIEaGlfPc=
github.com/tdeslauriers/carapace v0.1.3/go.mod h1:L+wBCKttfgr6RaZxMWm6F/BXdAlRMquUeOCQyFgp9GM=
github.com/tdeslauriers/carapace v0.1.4 h1:MBM1dl/zp0wLA//v5c8itiGymQ6C8EylvVv5uGjxO/s=
github.com/tdeslauriers/carapace v0.1.4/go.mod h1:L+wBCKttfgr6RaZxMWm6F/BXdAlRMquUeOCQyFgp9GM=
github.com/tdeslauriers/carapace v0.1.5 h1:HMrpKUyfB3CgGLyg46Jn+E6R7ZTI5rxyPuGyhniVjH8=
github.com/tdeslauriers/carapace v0.1.5/go.mod h1:L+wBCKttfgr6RaZxMWm6F/BXdAlRMquUeOCQyFgp9GM=
github.com/tdeslauriers/carapace v0.1.6 h1:3RKhtk2F/VULN/bem6QiO6U7PWfQ24HOXSTa/HCSVcM=
github.com/tdeslauriers/carapace v0.1.6/go.mod h1:L+wBCKttfgr6RaZxMWm6F/BXdAlRMquUeOCQyFgp9GM=
github.com/tdeslauriers/carapace v0.1.7 h1:gK6HjudmLKZ+g7jrX+bN1sA2higORfIoWN9RMJXZRuE=
github.com/tdeslauriers/carapace v0.1.7/go.mod h1:L+wBCKttfgr6RaZxMWm6F/BXdAlRMquUeOCQyFgp9GM=
github.com/tdeslauriers/carapace v0.1.8 h1:3HVTM9lU8EGP34P/lrD5X1kJ+dC5S3kztkqSEMQvzcI=
github.com/tdeslauriers/carapace v0.1.8/go.mod h1:L+wBCKttfgr6RaZxMWm6F/BXdAlRMquUeOCQyFgp9GM=
github.com/tdeslauriers/carapace v0.1.9 h1:Rk8ga6Ngrhx2lNYycljiUkeqWzyXBP2ZgtzyBcvyEGk=
github.com/tdeslauriers/carapace v0.1.9/go.mod h1:L+wBCKttfgr6RaZxMWm6F/BXdAlRMquUeOCQyFgp9GM=
github.com/tdeslauriers/carapace v0.1.10 h1:B4U5Zx4+PpETVdr3rgqGcPujdNgMqRnOhXIWUdlP/D0=
github.com/tdeslauriers/carapace v0.1.10/go.mod h1:L+wBCKttfgr6RaZxMWm6F/BXdAlRMquUeOCQyFgp9GM=
github.com/tdeslauriers/carapace v0.1.11 h1:g3s6/Yi6i8eYafVw8gg0NBIUkVbIe7BHGJvKMFa4mLY=
github.com/tdeslauriers/carapace v0.1.11/go.mod h1:L+wBCKttfgr6RaZxMWm6F/BXdAlRMquUeOCQyFgp9GM=
github.com/tdeslauriers/carapace v0.1.12 h1:7hTBsWF+q74xlxmBz36634GyczZTwfIiFfyEeq5ih3M=
github.com/tdeslauriers/carapace v0.1.12/go.mod h1:L+wBCKttfgr6RaZxMWm6F/BXdAlRMquUeOCQyFgp9GM=
github.com/tdeslauriers/carapace v0.1.13 h1:JAXtTqJ2SOu79mTHklv4/QLvSuEfSai+2qWToBoabSk=
github.com/tdeslauriers/carapace v0.1.13/go.mod h1:L+wBCKttfgr6RaZxMWm6F/BXdAlRMquUeOCQyFgp9GM=
github.com/tdeslauriers/carapace v0.1.14 h1:yjTJtjcQEUF9F4hLtEIj3lwCZSphiRy9TSxgmqrlTv8=
github.com/tdeslauriers/carapace v0.1.14/go.mod h1:L+wBCKttfgr6RaZxMWm6F/BXdAlRMquUeOCQyFgp9GM=
