filippo.io/edwards25519 v1.1.0 h1:FNf4tywRC1HmFuKW5xopWpigGjJKiJSV0Cqo0cJWDaA=
filippo.io/edwards25519 v1.1.0/go.mod h1:BxyFTGdWcka3PhytdK4V28tE5sGfRvvvRV7EaN4VDT4=
github.com/go-sql-driver/mysql v1.8.1 h1:LedoTUt/eveggdHS9qUFC1EFSa8bU2+1pZjSRpvNJ1Y=
github.com/go-sql-driver/mysql v1.8.1/go.mod h1:wEBSXgmK//2ZFJyE+qWnIsVGmvmEKlqwuVSjsCm7DZg=
github.com/google/uuid v1.6.0 h1:NIvaJDMOsjHA8n1jAhLSgzrAzy1Hgr+hNrb57e+94F0=
github.com/google/uuid v1.6.0/go.mod h1:TIyPZe4MgqvfeYDBFedMoGGpEw/LqOeaOT+nhxU+yHo=
github.com/tdeslauriers/carapace v0.0.146 h1:fi0XJJqhf/57lp8ikokOOW6FUy8X4RdbuAsUq1+vcQQ=
github.com/tdeslauriers/carapace v0.0.146/go.mod h1:sBb/Im2oYwhkEeU8rJP85LHAqBe6SKX74mlbTjr/lac=
github.com/tdeslauriers/carapace v0.0.148 h1:3QdgXzuyISb5x1ZMr+OJZ8uRUhurWxZD2HFH69v9BF0=
github.com/tdeslauriers/carapace v0.0.148/go.mod h1:sBb/Im2oYwhkEeU8rJP85LHAqBe6SKX74mlbTjr/lac=
github.com/tdeslauriers/carapace v0.0.149 h1:/PW9yoJdfrw+sIQ2X3ILeZA5Fv2Uxd0oibUrFa6KFHQ=
github.com/tdeslauriers/carapace v0.0.149/go.mod h1:sBb/Im2oYwhkEeU8rJP85LHAqBe6SKX74mlbTjr/lac=
github.com/tdeslauriers/carapace v0.0.150 h1:QFQWle6ZDL+w3k+YKgBYVyJDHw0vUOS5yNfLV3cL3OY=
github.com/tdeslauriers/carapace v0.0.150/go.mod h1:sBb/Im2oYwhkEeU8rJP85LHAqBe6SKX74mlbTjr/lac=
github.com/tdeslauriers/carapace v0.0.152 h1:YIIqll87ypCT0Npafs0crQmwDiFrcZFENZ0hsELu17A=
github.com/tdeslauriers/carapace v0.0.152/go.mod h1:sBb/Im2oYwhkEeU8rJP85LHAqBe6SKX74mlbTjr/lac=
