github.com/tdeslauriers/carapace v0.0.5 h1:S6BV5C0U60U5Bq07dM8vtwo2FkOwrLGaK6bASFWP8xE=
github.com/tdeslauriers/carapace v0.0.5/go.mod h1:N4k6V23ElNhVzlJUDm04issKWR/vSpgA1fZXMtPe4h8=
github.com/tdeslauriers/carapace v0.0.6 h1:3vQLDBz60geluvZyN6nO7N2vvBmWAh4od5U/M5DT17U=
github.com/tdeslauriers/carapace v0.0.6/go.mod h1:N4k6V23ElNhVzlJUDm04issKWR/vSpgA1fZXMtPe4h8=
